
Microsoft Visual Studio Solution File, Format Version 12.00
# Visual Studio Version 16
VisualStudioVersion = 16.0.31702.278
MinimumVisualStudioVersion = 10.0.40219.1
Project("{FAE04EC0-301F-11D3-BF4B-00C04F79EFBC}") = "renamer_v2", "renamer_v2.csproj", "{F165D100-F962-43B4-9B56-6BB8B7E6D3DB}"
EndProject
Global
	GlobalSection(SolutionConfigurationPlatforms) = preSolution
		Debug|Any CPU = Debug|Any CPU
		Release|Any CPU = Release|Any CPU
	EndGlobalSection
	GlobalSection(ProjectConfigurationPlatforms) = postSolution
		{F165D100-F962-43B4-9B56-6BB8B7E6D3DB}.Debug|Any CPU.ActiveCfg = Debug|Any CPU
		{F165D100-F962-43B4-9B56-6BB8B7E6D3DB}.Debug|Any CPU.Build.0 = Debug|Any CPU
		{F165D100-F962-43B4-9B56-6BB8B7E6D3DB}.Release|Any CPU.ActiveCfg = Release|Any CPU
		{F165D100-F962-43B4-9B56-6BB8B7E6D3DB}.Release|Any CPU.Build.0 = Release|Any CPU
	EndGlobalSection
	GlobalSection(SolutionProperties) = preSolution
		HideSolutionNode = FALSE
	EndGlobalSection
	GlobalSection(ExtensibilityGlobals) = postSolution
		SolutionGuid = {D20FC6BB-1B35-4AFD-A3D7-818E733F9DAC}
	EndGlobalSection
EndGlobal
